
Microsoft Visual Studio Solution File, Format Version 12.00
# Visual Studio Version 17
VisualStudioVersion = 17.0.31903.59
MinimumVisualStudioVersion = 10.0.40219.1
Project("{FAE04EC0-301F-11D3-BF4B-00C04F79EFBC}") = "xadrez_console", "xadrez_console\xadrez_console.csproj", "{35716235-F748-4958-A65A-14963E34A3CB}"
EndProject
Global
	GlobalSection(SolutionConfigurationPlatforms) = preSolution
		Debug|Any CPU = Debug|Any CPU
		Release|Any CPU = Release|Any CPU
	EndGlobalSection
	GlobalSection(SolutionProperties) = preSolution
		HideSolutionNode = FALSE
	EndGlobalSection
	GlobalSection(ProjectConfigurationPlatforms) = postSolution
		{35716235-F748-4958-A65A-14963E34A3CB}.Debug|Any CPU.ActiveCfg = Debug|Any CPU
		{35716235-F748-4958-A65A-14963E34A3CB}.Debug|Any CPU.Build.0 = Debug|Any CPU
		{35716235-F748-4958-A65A-14963E34A3CB}.Release|Any CPU.ActiveCfg = Release|Any CPU
		{35716235-F748-4958-A65A-14963E34A3CB}.Release|Any CPU.Build.0 = Release|Any CPU
	EndGlobalSection
EndGlobal
